// !$*UTF8*$!
{
	archiveVersion = 1;
	classes = {
	};
	objectVersion = 50;
	objects = {

/* Begin PBXBuildFile section */
		0407E04F21840BE100C516BC /* background-video.mp4 in Resources */ = {isa = PBXBuildFile; fileRef = 0407E04E21840BE000C516BC /* background-video.mp4 */; };
		0407E0512184190500C516BC /* GlobalConstants.swift in Sources */ = {isa = PBXBuildFile; fileRef = 0407E0502184190500C516BC /* GlobalConstants.swift */; };
		040C548121D70F2200745CAB /* DeskReservationManager.swift in Sources */ = {isa = PBXBuildFile; fileRef = 040C548021D70F2200745CAB /* DeskReservationManager.swift */; };
		040C548321D7192800745CAB /* FindDeskManager.swift in Sources */ = {isa = PBXBuildFile; fileRef = 040C548221D7192800745CAB /* FindDeskManager.swift */; };
		040C548521D72C6700745CAB /* HotDeskProfileVC.swift in Sources */ = {isa = PBXBuildFile; fileRef = 040C548421D72C6700745CAB /* HotDeskProfileVC.swift */; };
		040E988A21A38C3C00143CA5 /* RegisterGuestVC.swift in Sources */ = {isa = PBXBuildFile; fileRef = 040E988921A38C3C00143CA5 /* RegisterGuestVC.swift */; };
		040E988E21A3A7D400143CA5 /* FormTVCell.swift in Sources */ = {isa = PBXBuildFile; fileRef = 040E988C21A3A7D400143CA5 /* FormTVCell.swift */; };
		040E988F21A3A7D400143CA5 /* FormTVCell.xib in Resources */ = {isa = PBXBuildFile; fileRef = 040E988D21A3A7D400143CA5 /* FormTVCell.xib */; };
		040E989121A3AF1300143CA5 /* PageSection.swift in Sources */ = {isa = PBXBuildFile; fileRef = 040E989021A3AF1300143CA5 /* PageSection.swift */; };
		040E989421A3B1FF00143CA5 /* RegisterGuestTVCDataController.swift in Sources */ = {isa = PBXBuildFile; fileRef = 040E989321A3B1FF00143CA5 /* RegisterGuestTVCDataController.swift */; };
		040E989721A3B7B900143CA5 /* FormSubmitTVCell.swift in Sources */ = {isa = PBXBuildFile; fileRef = 040E989521A3B7B900143CA5 /* FormSubmitTVCell.swift */; };
		040E989821A3B7B900143CA5 /* FormSubmitTVCell.xib in Resources */ = {isa = PBXBuildFile; fileRef = 040E989621A3B7B900143CA5 /* FormSubmitTVCell.xib */; };
		04110D6A21D4A67F00A07DB7 /* SpaceInfoTVC.swift in Sources */ = {isa = PBXBuildFile; fileRef = 04110D6921D4A67F00A07DB7 /* SpaceInfoTVC.swift */; };
		04110D6C21D4B07F00A07DB7 /* SpaceInfoTVCDataController.swift in Sources */ = {isa = PBXBuildFile; fileRef = 04110D6B21D4B07F00A07DB7 /* SpaceInfoTVCDataController.swift */; };
		04110D6E21D4CFDF00A07DB7 /* DataControllerDelegates.swift in Sources */ = {isa = PBXBuildFile; fileRef = 04110D6D21D4CFDF00A07DB7 /* DataControllerDelegates.swift */; };
		04110D7021D4D18100A07DB7 /* CarouselCVCellItem.swift in Sources */ = {isa = PBXBuildFile; fileRef = 04110D6F21D4D18100A07DB7 /* CarouselCVCellItem.swift */; };
		04110D7221D4D24C00A07DB7 /* Extensions.swift in Sources */ = {isa = PBXBuildFile; fileRef = 04110D7121D4D24C00A07DB7 /* Extensions.swift */; };
		04110D7421D4D45F00A07DB7 /* ServiceRequestVCSection.swift in Sources */ = {isa = PBXBuildFile; fileRef = 04110D7321D4D45F00A07DB7 /* ServiceRequestVCSection.swift */; };
		04110D7621D4D54600A07DB7 /* RegisterGuestVCSection.swift in Sources */ = {isa = PBXBuildFile; fileRef = 04110D7521D4D54600A07DB7 /* RegisterGuestVCSection.swift */; };
		04110D7821D4D56D00A07DB7 /* ChooseTVCDelegate.swift in Sources */ = {isa = PBXBuildFile; fileRef = 04110D7721D4D56D00A07DB7 /* ChooseTVCDelegate.swift */; };
		0413D2C921C81ABD00E2C5F3 /* TextInputVC.swift in Sources */ = {isa = PBXBuildFile; fileRef = 0413D2C821C81ABD00E2C5F3 /* TextInputVC.swift */; };
		0413D2CB21C821F900E2C5F3 /* ServiceRequestManager.swift in Sources */ = {isa = PBXBuildFile; fileRef = 0413D2CA21C821F900E2C5F3 /* ServiceRequestManager.swift */; };
		0413D2CD21C8560900E2C5F3 /* AirServiceRequest.swift in Sources */ = {isa = PBXBuildFile; fileRef = 0413D2CC21C8560900E2C5F3 /* AirServiceRequest.swift */; };
		0413D2CF21C889D200E2C5F3 /* MyServReqTVC.swift in Sources */ = {isa = PBXBuildFile; fileRef = 0413D2CE21C889D200E2C5F3 /* MyServReqTVC.swift */; };
		0422BB1B21A4F45500F9CD64 /* ChooseTVC.swift in Sources */ = {isa = PBXBuildFile; fileRef = 0422BB1A21A4F45500F9CD64 /* ChooseTVC.swift */; };
		0422BB1D21A4F65300F9CD64 /* AirOffice.swift in Sources */ = {isa = PBXBuildFile; fileRef = 0422BB1C21A4F65300F9CD64 /* AirOffice.swift */; };
		0422BB1F21A4F66C00F9CD64 /* AirUser.swift in Sources */ = {isa = PBXBuildFile; fileRef = 0422BB1E21A4F66C00F9CD64 /* AirUser.swift */; };
		0422BB2121A4F68E00F9CD64 /* AirBuilding.swift in Sources */ = {isa = PBXBuildFile; fileRef = 0422BB2021A4F68E00F9CD64 /* AirBuilding.swift */; };
		0422BB2321A4F6A900F9CD64 /* AirCompany.swift in Sources */ = {isa = PBXBuildFile; fileRef = 0422BB2221A4F6A900F9CD64 /* AirCompany.swift */; };
		0422BB2521A4FB2700F9CD64 /* UserManager.swift in Sources */ = {isa = PBXBuildFile; fileRef = 0422BB2421A4FB2700F9CD64 /* UserManager.swift */; };
		0422BB2721A4FC5700F9CD64 /* UITableViewCellExtension.swift in Sources */ = {isa = PBXBuildFile; fileRef = 0422BB2621A4FC5700F9CD64 /* UITableViewCellExtension.swift */; };
		0422BB2921A5169100F9CD64 /* DateExtensions.swift in Sources */ = {isa = PBXBuildFile; fileRef = 0422BB2821A5169100F9CD64 /* DateExtensions.swift */; };
		0422BB2B21A525B400F9CD64 /* RegisterGuestManager.swift in Sources */ = {isa = PBXBuildFile; fileRef = 0422BB2A21A525B400F9CD64 /* RegisterGuestManager.swift */; };
		04247FB521CF204400DA6E5E /* ConferenceRoomProfileDataController.swift in Sources */ = {isa = PBXBuildFile; fileRef = 04247FB421CF204400DA6E5E /* ConferenceRoomProfileDataController.swift */; };
		0429F22A21CF48CA00BAECAA /* OfficeManager.swift in Sources */ = {isa = PBXBuildFile; fileRef = 0429F22921CF48CA00BAECAA /* OfficeManager.swift */; };
		042AF99E21A6835A00E7048B /* SeeMoreTVC.swift in Sources */ = {isa = PBXBuildFile; fileRef = 042AF99C21A6835A00E7048B /* SeeMoreTVC.swift */; };
		042AF99F21A6835A00E7048B /* SeeMoreTVC.xib in Resources */ = {isa = PBXBuildFile; fileRef = 042AF99D21A6835A00E7048B /* SeeMoreTVC.xib */; };
		042AF9A121A683FA00E7048B /* BorderButton.swift in Sources */ = {isa = PBXBuildFile; fileRef = 042AF9A021A683FA00E7048B /* BorderButton.swift */; };
		042AF9A321A71A6900E7048B /* MyGuestRegTVC.swift in Sources */ = {isa = PBXBuildFile; fileRef = 042AF9A221A71A6900E7048B /* MyGuestRegTVC.swift */; };
		042AF9A521A71C5F00E7048B /* AirGuestRegistration.swift in Sources */ = {isa = PBXBuildFile; fileRef = 042AF9A421A71C5F00E7048B /* AirGuestRegistration.swift */; };
		042AF9A721A744EB00E7048B /* ProfileVCDataController.swift in Sources */ = {isa = PBXBuildFile; fileRef = 042AF9A621A744EB00E7048B /* ProfileVCDataController.swift */; };
		042AF9AA21A759A100E7048B /* TextCVCell.swift in Sources */ = {isa = PBXBuildFile; fileRef = 042AF9A821A759A100E7048B /* TextCVCell.swift */; };
		042AF9AB21A759A100E7048B /* TextCVCell.xib in Resources */ = {isa = PBXBuildFile; fileRef = 042AF9A921A759A100E7048B /* TextCVCell.xib */; };
		043CA237217E87C6008703FC /* NotificationsVC.swift in Sources */ = {isa = PBXBuildFile; fileRef = 043CA236217E87C6008703FC /* NotificationsVC.swift */; };
		043CA245217FEC8C008703FC /* ProfileVCSections.swift in Sources */ = {isa = PBXBuildFile; fileRef = 043CA244217FEC8B008703FC /* ProfileVCSections.swift */; };
		043CA24A217FF0F7008703FC /* CarouselTVCell.swift in Sources */ = {isa = PBXBuildFile; fileRef = 043CA248217FF0F7008703FC /* CarouselTVCell.swift */; };
		043CA24B217FF0F7008703FC /* CarouselTVCell.xib in Resources */ = {isa = PBXBuildFile; fileRef = 043CA249217FF0F7008703FC /* CarouselTVCell.xib */; };
		043CA250217FF236008703FC /* CarouselCVCell.swift in Sources */ = {isa = PBXBuildFile; fileRef = 043CA24E217FF236008703FC /* CarouselCVCell.swift */; };
		043CA251217FF236008703FC /* CarouselCVCell.xib in Resources */ = {isa = PBXBuildFile; fileRef = 043CA24F217FF236008703FC /* CarouselCVCell.xib */; };
		043D3BB821D73D3400E833EF /* HotDeskProfileDataController.swift in Sources */ = {isa = PBXBuildFile; fileRef = 043D3BB721D73D3400E833EF /* HotDeskProfileDataController.swift */; };
		043D3BBA21D753F400E833EF /* FindDeskVC.swift in Sources */ = {isa = PBXBuildFile; fileRef = 043D3BB921D753F400E833EF /* FindDeskVC.swift */; };
		043D3BBC21D7549600E833EF /* FindDeskVCDataController.swift in Sources */ = {isa = PBXBuildFile; fileRef = 043D3BBB21D7549600E833EF /* FindDeskVCDataController.swift */; };
		043D3BBE21D75B0300E833EF /* DeskListVC.swift in Sources */ = {isa = PBXBuildFile; fileRef = 043D3BBD21D75B0300E833EF /* DeskListVC.swift */; };
		043D3BC021D77F1A00E833EF /* DeskReservationVC.swift in Sources */ = {isa = PBXBuildFile; fileRef = 043D3BBF21D77F1A00E833EF /* DeskReservationVC.swift */; };
		043D3BC221D787AF00E833EF /* DeskReservationVCDataController.swift in Sources */ = {isa = PBXBuildFile; fileRef = 043D3BC121D787AF00E833EF /* DeskReservationVCDataController.swift */; };
		043D3BC421D7A98D00E833EF /* InitialVC.swift in Sources */ = {isa = PBXBuildFile; fileRef = 043D3BC321D7A98D00E833EF /* InitialVC.swift */; };
		044F8E62218BF26000E84B0F /* UserAuth.swift in Sources */ = {isa = PBXBuildFile; fileRef = 044F8E61218BF26000E84B0F /* UserAuth.swift */; };
		0455209A217548F50033D33B /* AppDelegate.swift in Sources */ = {isa = PBXBuildFile; fileRef = 04552099217548F50033D33B /* AppDelegate.swift */; };
		0455209F217548F50033D33B /* Main.storyboard in Resources */ = {isa = PBXBuildFile; fileRef = 0455209D217548F50033D33B /* Main.storyboard */; };
		045520A1217548F60033D33B /* Assets.xcassets in Resources */ = {isa = PBXBuildFile; fileRef = 045520A0217548F60033D33B /* Assets.xcassets */; };
		045520A4217548F60033D33B /* LaunchScreen.storyboard in Resources */ = {isa = PBXBuildFile; fileRef = 045520A2217548F60033D33B /* LaunchScreen.storyboard */; };
		045520AE217550C90033D33B /* LoginVC.swift in Sources */ = {isa = PBXBuildFile; fileRef = 045520AD217550C90033D33B /* LoginVC.swift */; };
		045520B02175589E0033D33B /* HomeTabBarController.swift in Sources */ = {isa = PBXBuildFile; fileRef = 045520AF2175589E0033D33B /* HomeTabBarController.swift */; };
		045520B221755A2B0033D33B /* ServiceRequestVC.swift in Sources */ = {isa = PBXBuildFile; fileRef = 045520B121755A2B0033D33B /* ServiceRequestVC.swift */; };
		045520B82177C1300033D33B /* MainVC.swift in Sources */ = {isa = PBXBuildFile; fileRef = 045520B72177C1300033D33B /* MainVC.swift */; };
		045520BC2177C5EB0033D33B /* MainTableViewCell.swift in Sources */ = {isa = PBXBuildFile; fileRef = 045520BB2177C5EB0033D33B /* MainTableViewCell.swift */; };
		045C28E0217CD7A70017C121 /* ProfileVC.swift in Sources */ = {isa = PBXBuildFile; fileRef = 045C28DF217CD7A70017C121 /* ProfileVC.swift */; };
		045C28E6217CD8F40017C121 /* NavControllers.swift in Sources */ = {isa = PBXBuildFile; fileRef = 045C28E5217CD8F40017C121 /* NavControllers.swift */; };
		046CC9B521D03DC000DC1993 /* AirNotification.swift in Sources */ = {isa = PBXBuildFile; fileRef = 046CC9B421D03DC000DC1993 /* AirNotification.swift */; };
		046CC9B721D0478300DC1993 /* NotificationVCDataController.swift in Sources */ = {isa = PBXBuildFile; fileRef = 046CC9B621D0478300DC1993 /* NotificationVCDataController.swift */; };
		046CC9B921D068B200DC1993 /* NotificationManager.swift in Sources */ = {isa = PBXBuildFile; fileRef = 046CC9B821D068B200DC1993 /* NotificationManager.swift */; };
		046CC9BC21D07EFF00DC1993 /* NotificationTVCell.swift in Sources */ = {isa = PBXBuildFile; fileRef = 046CC9BA21D07EFF00DC1993 /* NotificationTVCell.swift */; };
		046CC9BD21D07EFF00DC1993 /* NotificationTVCell.xib in Resources */ = {isa = PBXBuildFile; fileRef = 046CC9BB21D07EFF00DC1993 /* NotificationTVCell.xib */; };
		046CC9C121D15FD000DC1993 /* SettingsTVC.swift in Sources */ = {isa = PBXBuildFile; fileRef = 046CC9BF21D15FD000DC1993 /* SettingsTVC.swift */; };
		046D8BF221CCEE1F00F2C3B1 /* ConferenceRoomDetailedTVC.swift in Sources */ = {isa = PBXBuildFile; fileRef = 046D8BF021CCEE1F00F2C3B1 /* ConferenceRoomDetailedTVC.swift */; };
		046D8BF321CCEE1F00F2C3B1 /* ConferenceRoomDetailedTVC.xib in Resources */ = {isa = PBXBuildFile; fileRef = 046D8BF121CCEE1F00F2C3B1 /* ConferenceRoomDetailedTVC.xib */; };
		0476C1E621B0E77900ED87F8 /* ServiceRequestVCDataController.swift in Sources */ = {isa = PBXBuildFile; fileRef = 0476C1E521B0E77900ED87F8 /* ServiceRequestVCDataController.swift */; };
		0478226721CCB8CA000A6FED /* ConferenceRoomProfileTVC.swift in Sources */ = {isa = PBXBuildFile; fileRef = 0478226621CCB8CA000A6FED /* ConferenceRoomProfileTVC.swift */; };
		04A1741121A62439005D76D2 /* GoogleService-Info.plist in Resources */ = {isa = PBXBuildFile; fileRef = 04A1741021A62438005D76D2 /* GoogleService-Info.plist */; };
		04C7132921C9762200F3D62F /* FindRoomVC.swift in Sources */ = {isa = PBXBuildFile; fileRef = 04C7132821C9762200F3D62F /* FindRoomVC.swift */; };
		04C7132B21C9840A00F3D62F /* FindRoomVCDataController.swift in Sources */ = {isa = PBXBuildFile; fileRef = 04C7132A21C9840A00F3D62F /* FindRoomVCDataController.swift */; };
		04C7132D21C98AB800F3D62F /* Duration.swift in Sources */ = {isa = PBXBuildFile; fileRef = 04C7132C21C98AB800F3D62F /* Duration.swift */; };
		04C7132F21C98F8700F3D62F /* DateTimeInputVC.swift in Sources */ = {isa = PBXBuildFile; fileRef = 04C7132E21C98F8700F3D62F /* DateTimeInputVC.swift */; };
		04C7133121C9AED800F3D62F /* RoomAmenity.swift in Sources */ = {isa = PBXBuildFile; fileRef = 04C7133021C9AED800F3D62F /* RoomAmenity.swift */; };
		04C7133321C9B8DE00F3D62F /* FindRoomManager.swift in Sources */ = {isa = PBXBuildFile; fileRef = 04C7133221C9B8DE00F3D62F /* FindRoomManager.swift */; };
		04C7133521CC345500F3D62F /* AirConferenceRoom.swift in Sources */ = {isa = PBXBuildFile; fileRef = 04C7133421CC345500F3D62F /* AirConferenceRoom.swift */; };
		04C7133821CC3DC300F3D62F /* ConferenceRoomTVCell.swift in Sources */ = {isa = PBXBuildFile; fileRef = 04C7133621CC3DC300F3D62F /* ConferenceRoomTVCell.swift */; };
		04C7133921CC3DC300F3D62F /* ConferenceRoomTVCell.xib in Resources */ = {isa = PBXBuildFile; fileRef = 04C7133721CC3DC300F3D62F /* ConferenceRoomTVCell.xib */; };
		04C7133B21CC453C00F3D62F /* RoomListTVC.swift in Sources */ = {isa = PBXBuildFile; fileRef = 04C7133A21CC453C00F3D62F /* RoomListTVC.swift */; };
		04C7133E21CC50BD00F3D62F /* HourBookingCVC.swift in Sources */ = {isa = PBXBuildFile; fileRef = 04C7133C21CC50BD00F3D62F /* HourBookingCVC.swift */; };
		04C7133F21CC50BD00F3D62F /* HourBookingCVC.xib in Resources */ = {isa = PBXBuildFile; fileRef = 04C7133D21CC50BD00F3D62F /* HourBookingCVC.xib */; };
		04C7134121CC6C8700F3D62F /* AirConferenceRoomReservation.swift in Sources */ = {isa = PBXBuildFile; fileRef = 04C7134021CC6C8700F3D62F /* AirConferenceRoomReservation.swift */; };
		04C7134321CC864200F3D62F /* ReservationManager.swift in Sources */ = {isa = PBXBuildFile; fileRef = 04C7134221CC864200F3D62F /* ReservationManager.swift */; };
		04CE40BC21D2427C002279DF /* RoomReservationVC.swift in Sources */ = {isa = PBXBuildFile; fileRef = 04CE40BB21D2427C002279DF /* RoomReservationVC.swift */; };
		04CE40BE21D243EA002279DF /* RoomReservationVCDataController.swift in Sources */ = {isa = PBXBuildFile; fileRef = 04CE40BD21D243EA002279DF /* RoomReservationVCDataController.swift */; };
		04CE40C021D2D8CC002279DF /* NavLoadingIndicatorExtension.swift in Sources */ = {isa = PBXBuildFile; fileRef = 04CE40BF21D2D8CC002279DF /* NavLoadingIndicatorExtension.swift */; };
		04CE40C221D30788002279DF /* MyReservationsListTVC.swift in Sources */ = {isa = PBXBuildFile; fileRef = 04CE40C121D30788002279DF /* MyReservationsListTVC.swift */; };
		04CE40C421D307AF002279DF /* AirReservation.swift in Sources */ = {isa = PBXBuildFile; fileRef = 04CE40C321D307AF002279DF /* AirReservation.swift */; };
		04CE40C621D3082C002279DF /* AirDeskReservation.swift in Sources */ = {isa = PBXBuildFile; fileRef = 04CE40C521D3082C002279DF /* AirDeskReservation.swift */; };
		04CE40C821D3085A002279DF /* AirDesk.swift in Sources */ = {isa = PBXBuildFile; fileRef = 04CE40C721D3085A002279DF /* AirDesk.swift */; };
		04CE40CA21D39D8E002279DF /* MainVCDataController.swift in Sources */ = {isa = PBXBuildFile; fileRef = 04CE40C921D39D8E002279DF /* MainVCDataController.swift */; };
		04D8D6952183E68B0079380F /* Yelp.swift in Sources */ = {isa = PBXBuildFile; fileRef = 04D8D6942183E68B0079380F /* Yelp.swift */; };
		04D8D69C2183F7380079380F /* BioTVCell.swift in Sources */ = {isa = PBXBuildFile; fileRef = 04D8D69A2183F7380079380F /* BioTVCell.swift */; };
		04D8D69D2183F7380079380F /* BioTVCell.xib in Resources */ = {isa = PBXBuildFile; fileRef = 04D8D69B2183F7380079380F /* BioTVCell.xib */; };
		04E1631B21B3207F005441DE /* ServiceRequestType.swift in Sources */ = {isa = PBXBuildFile; fileRef = 04E1631A21B3207F005441DE /* ServiceRequestType.swift */; };
		04E7FEDB2185540800AD4E79 /* ReserveVC.swift in Sources */ = {isa = PBXBuildFile; fileRef = 04E7FEDA2185540800AD4E79 /* ReserveVC.swift */; };
		04E7FEDE2185578100AD4E79 /* QuickReserveCVCell.swift in Sources */ = {isa = PBXBuildFile; fileRef = 04E7FEDC2185578100AD4E79 /* QuickReserveCVCell.swift */; };
		04E7FEDF2185578100AD4E79 /* QuickReserveCVCell.xib in Resources */ = {isa = PBXBuildFile; fileRef = 04E7FEDD2185578100AD4E79 /* QuickReserveCVCell.xib */; };
		04E7FEE12186A17C00AD4E79 /* ReserveVCSection.swift in Sources */ = {isa = PBXBuildFile; fileRef = 04E7FEE02186A17C00AD4E79 /* ReserveVCSection.swift */; };
		04F6B6F121D5E35400A05E9C /* EventManager.swift in Sources */ = {isa = PBXBuildFile; fileRef = 04F6B6F021D5E35400A05E9C /* EventManager.swift */; };
		04F6B6F321D5E3BE00A05E9C /* AirEvent.swift in Sources */ = {isa = PBXBuildFile; fileRef = 04F6B6F221D5E3BE00A05E9C /* AirEvent.swift */; };
		04F6B6F521D5E76B00A05E9C /* EventsTVC.swift in Sources */ = {isa = PBXBuildFile; fileRef = 04F6B6F421D5E76B00A05E9C /* EventsTVC.swift */; };
		04F6B6F721D5ED0200A05E9C /* EventsTVCDataController.swift in Sources */ = {isa = PBXBuildFile; fileRef = 04F6B6F621D5ED0200A05E9C /* EventsTVCDataController.swift */; };
		04F6B6FA21D5EFAD00A05E9C /* EventsTVCell.swift in Sources */ = {isa = PBXBuildFile; fileRef = 04F6B6F821D5EFAD00A05E9C /* EventsTVCell.swift */; };
		04F6B6FB21D5EFAD00A05E9C /* EventsTVCell.xib in Resources */ = {isa = PBXBuildFile; fileRef = 04F6B6F921D5EFAD00A05E9C /* EventsTVCell.xib */; };
		04F6B6FD21D6156A00A05E9C /* EventProfileTVC.swift in Sources */ = {isa = PBXBuildFile; fileRef = 04F6B6FC21D6156A00A05E9C /* EventProfileTVC.swift */; };
		04F6B6FF21D62C4400A05E9C /* InvalidUserVCViewController.swift in Sources */ = {isa = PBXBuildFile; fileRef = 04F6B6FE21D62C4400A05E9C /* InvalidUserVCViewController.swift */; };
		F87A05D304A682B44682A1E3 /* Pods_AirspaceManagementApp.framework in Frameworks */ = {isa = PBXBuildFile; fileRef = 656D2D1C7F3AAF0303853BEC /* Pods_AirspaceManagementApp.framework */; };
/* End PBXBuildFile section */

/* Begin PBXFileReference section */
		0407E04E21840BE000C516BC /* background-video.mp4 */ = {isa = PBXFileReference; lastKnownFileType = file; path = "background-video.mp4"; sourceTree = "<group>"; };
		0407E0502184190500C516BC /* GlobalConstants.swift */ = {isa = PBXFileReference; lastKnownFileType = sourcecode.swift; path = GlobalConstants.swift; sourceTree = "<group>"; };
		040C548021D70F2200745CAB /* DeskReservationManager.swift */ = {isa = PBXFileReference; lastKnownFileType = sourcecode.swift; path = DeskReservationManager.swift; sourceTree = "<group>"; };
		040C548221D7192800745CAB /* FindDeskManager.swift */ = {isa = PBXFileReference; lastKnownFileType = sourcecode.swift; path = FindDeskManager.swift; sourceTree = "<group>"; };
		040C548421D72C6700745CAB /* HotDeskProfileVC.swift */ = {isa = PBXFileReference; lastKnownFileType = sourcecode.swift; path = HotDeskProfileVC.swift; sourceTree = "<group>"; };
		040E988921A38C3C00143CA5 /* RegisterGuestVC.swift */ = {isa = PBXFileReference; lastKnownFileType = sourcecode.swift; path = RegisterGuestVC.swift; sourceTree = "<group>"; };
		040E988C21A3A7D400143CA5 /* FormTVCell.swift */ = {isa = PBXFileReference; lastKnownFileType = sourcecode.swift; path = FormTVCell.swift; sourceTree = "<group>"; };
		040E988D21A3A7D400143CA5 /* FormTVCell.xib */ = {isa = PBXFileReference; lastKnownFileType = file.xib; path = FormTVCell.xib; sourceTree = "<group>"; };
		040E989021A3AF1300143CA5 /* PageSection.swift */ = {isa = PBXFileReference; lastKnownFileType = sourcecode.swift; path = PageSection.swift; sourceTree = "<group>"; };
		040E989321A3B1FF00143CA5 /* RegisterGuestTVCDataController.swift */ = {isa = PBXFileReference; lastKnownFileType = sourcecode.swift; path = RegisterGuestTVCDataController.swift; sourceTree = "<group>"; };
		040E989521A3B7B900143CA5 /* FormSubmitTVCell.swift */ = {isa = PBXFileReference; lastKnownFileType = sourcecode.swift; path = FormSubmitTVCell.swift; sourceTree = "<group>"; };
		040E989621A3B7B900143CA5 /* FormSubmitTVCell.xib */ = {isa = PBXFileReference; lastKnownFileType = file.xib; path = FormSubmitTVCell.xib; sourceTree = "<group>"; };
		04110D6921D4A67F00A07DB7 /* SpaceInfoTVC.swift */ = {isa = PBXFileReference; lastKnownFileType = sourcecode.swift; path = SpaceInfoTVC.swift; sourceTree = "<group>"; };
		04110D6B21D4B07F00A07DB7 /* SpaceInfoTVCDataController.swift */ = {isa = PBXFileReference; lastKnownFileType = sourcecode.swift; path = SpaceInfoTVCDataController.swift; sourceTree = "<group>"; };
		04110D6D21D4CFDF00A07DB7 /* DataControllerDelegates.swift */ = {isa = PBXFileReference; lastKnownFileType = sourcecode.swift; path = DataControllerDelegates.swift; sourceTree = "<group>"; };
		04110D6F21D4D18100A07DB7 /* CarouselCVCellItem.swift */ = {isa = PBXFileReference; lastKnownFileType = sourcecode.swift; path = CarouselCVCellItem.swift; sourceTree = "<group>"; };
		04110D7121D4D24C00A07DB7 /* Extensions.swift */ = {isa = PBXFileReference; lastKnownFileType = sourcecode.swift; path = Extensions.swift; sourceTree = "<group>"; };
		04110D7321D4D45F00A07DB7 /* ServiceRequestVCSection.swift */ = {isa = PBXFileReference; lastKnownFileType = sourcecode.swift; path = ServiceRequestVCSection.swift; sourceTree = "<group>"; };
		04110D7521D4D54600A07DB7 /* RegisterGuestVCSection.swift */ = {isa = PBXFileReference; lastKnownFileType = sourcecode.swift; path = RegisterGuestVCSection.swift; sourceTree = "<group>"; };
		04110D7721D4D56D00A07DB7 /* ChooseTVCDelegate.swift */ = {isa = PBXFileReference; lastKnownFileType = sourcecode.swift; path = ChooseTVCDelegate.swift; sourceTree = "<group>"; };
		0413D2C821C81ABD00E2C5F3 /* TextInputVC.swift */ = {isa = PBXFileReference; lastKnownFileType = sourcecode.swift; path = TextInputVC.swift; sourceTree = "<group>"; };
		0413D2CA21C821F900E2C5F3 /* ServiceRequestManager.swift */ = {isa = PBXFileReference; lastKnownFileType = sourcecode.swift; path = ServiceRequestManager.swift; sourceTree = "<group>"; };
		0413D2CC21C8560900E2C5F3 /* AirServiceRequest.swift */ = {isa = PBXFileReference; lastKnownFileType = sourcecode.swift; path = AirServiceRequest.swift; sourceTree = "<group>"; };
		0413D2CE21C889D200E2C5F3 /* MyServReqTVC.swift */ = {isa = PBXFileReference; lastKnownFileType = sourcecode.swift; path = MyServReqTVC.swift; sourceTree = "<group>"; };
		0422BB1A21A4F45500F9CD64 /* ChooseTVC.swift */ = {isa = PBXFileReference; lastKnownFileType = sourcecode.swift; path = ChooseTVC.swift; sourceTree = "<group>"; };
		0422BB1C21A4F65300F9CD64 /* AirOffice.swift */ = {isa = PBXFileReference; lastKnownFileType = sourcecode.swift; path = AirOffice.swift; sourceTree = "<group>"; };
		0422BB1E21A4F66C00F9CD64 /* AirUser.swift */ = {isa = PBXFileReference; lastKnownFileType = sourcecode.swift; path = AirUser.swift; sourceTree = "<group>"; };
		0422BB2021A4F68E00F9CD64 /* AirBuilding.swift */ = {isa = PBXFileReference; lastKnownFileType = sourcecode.swift; path = AirBuilding.swift; sourceTree = "<group>"; };
		0422BB2221A4F6A900F9CD64 /* AirCompany.swift */ = {isa = PBXFileReference; lastKnownFileType = sourcecode.swift; path = AirCompany.swift; sourceTree = "<group>"; };
		0422BB2421A4FB2700F9CD64 /* UserManager.swift */ = {isa = PBXFileReference; lastKnownFileType = sourcecode.swift; path = UserManager.swift; sourceTree = "<group>"; };
		0422BB2621A4FC5700F9CD64 /* UITableViewCellExtension.swift */ = {isa = PBXFileReference; lastKnownFileType = sourcecode.swift; path = UITableViewCellExtension.swift; sourceTree = "<group>"; };
		0422BB2821A5169100F9CD64 /* DateExtensions.swift */ = {isa = PBXFileReference; lastKnownFileType = sourcecode.swift; path = DateExtensions.swift; sourceTree = "<group>"; };
		0422BB2A21A525B400F9CD64 /* RegisterGuestManager.swift */ = {isa = PBXFileReference; lastKnownFileType = sourcecode.swift; path = RegisterGuestManager.swift; sourceTree = "<group>"; };
		04247FB421CF204400DA6E5E /* ConferenceRoomProfileDataController.swift */ = {isa = PBXFileReference; lastKnownFileType = sourcecode.swift; path = ConferenceRoomProfileDataController.swift; sourceTree = "<group>"; };
		0429F22921CF48CA00BAECAA /* OfficeManager.swift */ = {isa = PBXFileReference; lastKnownFileType = sourcecode.swift; path = OfficeManager.swift; sourceTree = "<group>"; };
		042AF99C21A6835A00E7048B /* SeeMoreTVC.swift */ = {isa = PBXFileReference; lastKnownFileType = sourcecode.swift; path = SeeMoreTVC.swift; sourceTree = "<group>"; };
		042AF99D21A6835A00E7048B /* SeeMoreTVC.xib */ = {isa = PBXFileReference; lastKnownFileType = file.xib; path = SeeMoreTVC.xib; sourceTree = "<group>"; };
		042AF9A021A683FA00E7048B /* BorderButton.swift */ = {isa = PBXFileReference; lastKnownFileType = sourcecode.swift; path = BorderButton.swift; sourceTree = "<group>"; };
		042AF9A221A71A6900E7048B /* MyGuestRegTVC.swift */ = {isa = PBXFileReference; lastKnownFileType = sourcecode.swift; path = MyGuestRegTVC.swift; sourceTree = "<group>"; };
		042AF9A421A71C5F00E7048B /* AirGuestRegistration.swift */ = {isa = PBXFileReference; lastKnownFileType = sourcecode.swift; path = AirGuestRegistration.swift; sourceTree = "<group>"; };
		042AF9A621A744EB00E7048B /* ProfileVCDataController.swift */ = {isa = PBXFileReference; lastKnownFileType = sourcecode.swift; path = ProfileVCDataController.swift; sourceTree = "<group>"; };
		042AF9A821A759A100E7048B /* TextCVCell.swift */ = {isa = PBXFileReference; lastKnownFileType = sourcecode.swift; path = TextCVCell.swift; sourceTree = "<group>"; };
		042AF9A921A759A100E7048B /* TextCVCell.xib */ = {isa = PBXFileReference; lastKnownFileType = file.xib; path = TextCVCell.xib; sourceTree = "<group>"; };
		043CA236217E87C6008703FC /* NotificationsVC.swift */ = {isa = PBXFileReference; lastKnownFileType = sourcecode.swift; path = NotificationsVC.swift; sourceTree = "<group>"; };
		043CA244217FEC8B008703FC /* ProfileVCSections.swift */ = {isa = PBXFileReference; lastKnownFileType = sourcecode.swift; path = ProfileVCSections.swift; sourceTree = "<group>"; };
		043CA248217FF0F7008703FC /* CarouselTVCell.swift */ = {isa = PBXFileReference; lastKnownFileType = sourcecode.swift; path = CarouselTVCell.swift; sourceTree = "<group>"; };
		043CA249217FF0F7008703FC /* CarouselTVCell.xib */ = {isa = PBXFileReference; lastKnownFileType = file.xib; path = CarouselTVCell.xib; sourceTree = "<group>"; };
		043CA24E217FF236008703FC /* CarouselCVCell.swift */ = {isa = PBXFileReference; lastKnownFileType = sourcecode.swift; path = CarouselCVCell.swift; sourceTree = "<group>"; };
		043CA24F217FF236008703FC /* CarouselCVCell.xib */ = {isa = PBXFileReference; lastKnownFileType = file.xib; path = CarouselCVCell.xib; sourceTree = "<group>"; };
		043D3BB721D73D3400E833EF /* HotDeskProfileDataController.swift */ = {isa = PBXFileReference; lastKnownFileType = sourcecode.swift; path = HotDeskProfileDataController.swift; sourceTree = "<group>"; };
		043D3BB921D753F400E833EF /* FindDeskVC.swift */ = {isa = PBXFileReference; lastKnownFileType = sourcecode.swift; path = FindDeskVC.swift; sourceTree = "<group>"; };
		043D3BBB21D7549600E833EF /* FindDeskVCDataController.swift */ = {isa = PBXFileReference; lastKnownFileType = sourcecode.swift; path = FindDeskVCDataController.swift; sourceTree = "<group>"; };
		043D3BBD21D75B0300E833EF /* DeskListVC.swift */ = {isa = PBXFileReference; lastKnownFileType = sourcecode.swift; path = DeskListVC.swift; sourceTree = "<group>"; };
		043D3BBF21D77F1A00E833EF /* DeskReservationVC.swift */ = {isa = PBXFileReference; lastKnownFileType = sourcecode.swift; path = DeskReservationVC.swift; sourceTree = "<group>"; };
		043D3BC121D787AF00E833EF /* DeskReservationVCDataController.swift */ = {isa = PBXFileReference; lastKnownFileType = sourcecode.swift; path = DeskReservationVCDataController.swift; sourceTree = "<group>"; };
		043D3BC321D7A98D00E833EF /* InitialVC.swift */ = {isa = PBXFileReference; lastKnownFileType = sourcecode.swift; path = InitialVC.swift; sourceTree = "<group>"; };
		044F8E61218BF26000E84B0F /* UserAuth.swift */ = {isa = PBXFileReference; lastKnownFileType = sourcecode.swift; path = UserAuth.swift; sourceTree = "<group>"; };
		04552096217548F50033D33B /* AirspaceManagementApp.app */ = {isa = PBXFileReference; explicitFileType = wrapper.application; includeInIndex = 0; path = AirspaceManagementApp.app; sourceTree = BUILT_PRODUCTS_DIR; };
		04552099217548F50033D33B /* AppDelegate.swift */ = {isa = PBXFileReference; lastKnownFileType = sourcecode.swift; path = AppDelegate.swift; sourceTree = "<group>"; };
		0455209E217548F50033D33B /* Base */ = {isa = PBXFileReference; lastKnownFileType = file.storyboard; name = Base; path = Base.lproj/Main.storyboard; sourceTree = "<group>"; };
		045520A0217548F60033D33B /* Assets.xcassets */ = {isa = PBXFileReference; lastKnownFileType = folder.assetcatalog; path = Assets.xcassets; sourceTree = "<group>"; };
		045520A3217548F60033D33B /* Base */ = {isa = PBXFileReference; lastKnownFileType = file.storyboard; name = Base; path = Base.lproj/LaunchScreen.storyboard; sourceTree = "<group>"; };
		045520A5217548F60033D33B /* Info.plist */ = {isa = PBXFileReference; lastKnownFileType = text.plist.xml; path = Info.plist; sourceTree = "<group>"; };
		045520AD217550C90033D33B /* LoginVC.swift */ = {isa = PBXFileReference; lastKnownFileType = sourcecode.swift; path = LoginVC.swift; sourceTree = "<group>"; };
		045520AF2175589E0033D33B /* HomeTabBarController.swift */ = {isa = PBXFileReference; lastKnownFileType = sourcecode.swift; path = HomeTabBarController.swift; sourceTree = "<group>"; };
		045520B121755A2B0033D33B /* ServiceRequestVC.swift */ = {isa = PBXFileReference; lastKnownFileType = sourcecode.swift; path = ServiceRequestVC.swift; sourceTree = "<group>"; };
		045520B72177C1300033D33B /* MainVC.swift */ = {isa = PBXFileReference; lastKnownFileType = sourcecode.swift; path = MainVC.swift; sourceTree = "<group>"; };
		045520BB2177C5EB0033D33B /* MainTableViewCell.swift */ = {isa = PBXFileReference; lastKnownFileType = sourcecode.swift; path = MainTableViewCell.swift; sourceTree = "<group>"; };
		045C28DF217CD7A70017C121 /* ProfileVC.swift */ = {isa = PBXFileReference; lastKnownFileType = sourcecode.swift; path = ProfileVC.swift; sourceTree = "<group>"; };
		045C28E5217CD8F40017C121 /* NavControllers.swift */ = {isa = PBXFileReference; lastKnownFileType = sourcecode.swift; path = NavControllers.swift; sourceTree = "<group>"; };
		046CC9B421D03DC000DC1993 /* AirNotification.swift */ = {isa = PBXFileReference; lastKnownFileType = sourcecode.swift; path = AirNotification.swift; sourceTree = "<group>"; };
		046CC9B621D0478300DC1993 /* NotificationVCDataController.swift */ = {isa = PBXFileReference; lastKnownFileType = sourcecode.swift; path = NotificationVCDataController.swift; sourceTree = "<group>"; };
		046CC9B821D068B200DC1993 /* NotificationManager.swift */ = {isa = PBXFileReference; lastKnownFileType = sourcecode.swift; path = NotificationManager.swift; sourceTree = "<group>"; };
		046CC9BA21D07EFF00DC1993 /* NotificationTVCell.swift */ = {isa = PBXFileReference; lastKnownFileType = sourcecode.swift; path = NotificationTVCell.swift; sourceTree = "<group>"; };
		046CC9BB21D07EFF00DC1993 /* NotificationTVCell.xib */ = {isa = PBXFileReference; lastKnownFileType = file.xib; path = NotificationTVCell.xib; sourceTree = "<group>"; };
		046CC9BF21D15FD000DC1993 /* SettingsTVC.swift */ = {isa = PBXFileReference; lastKnownFileType = sourcecode.swift; path = SettingsTVC.swift; sourceTree = "<group>"; };
		046D8BF021CCEE1F00F2C3B1 /* ConferenceRoomDetailedTVC.swift */ = {isa = PBXFileReference; lastKnownFileType = sourcecode.swift; path = ConferenceRoomDetailedTVC.swift; sourceTree = "<group>"; };
		046D8BF121CCEE1F00F2C3B1 /* ConferenceRoomDetailedTVC.xib */ = {isa = PBXFileReference; lastKnownFileType = file.xib; path = ConferenceRoomDetailedTVC.xib; sourceTree = "<group>"; };
		0476C1E521B0E77900ED87F8 /* ServiceRequestVCDataController.swift */ = {isa = PBXFileReference; lastKnownFileType = sourcecode.swift; path = ServiceRequestVCDataController.swift; sourceTree = "<group>"; };
		0478226621CCB8CA000A6FED /* ConferenceRoomProfileTVC.swift */ = {isa = PBXFileReference; lastKnownFileType = sourcecode.swift; path = ConferenceRoomProfileTVC.swift; sourceTree = "<group>"; };
		04A1740F21A60B10005D76D2 /* AirspaceManagementApp.entitlements */ = {isa = PBXFileReference; lastKnownFileType = text.plist.entitlements; path = AirspaceManagementApp.entitlements; sourceTree = "<group>"; };
		04A1741021A62438005D76D2 /* GoogleService-Info.plist */ = {isa = PBXFileReference; fileEncoding = 4; lastKnownFileType = text.plist.xml; path = "GoogleService-Info.plist"; sourceTree = "<group>"; };
		04C7132821C9762200F3D62F /* FindRoomVC.swift */ = {isa = PBXFileReference; lastKnownFileType = sourcecode.swift; path = FindRoomVC.swift; sourceTree = "<group>"; };
		04C7132A21C9840A00F3D62F /* FindRoomVCDataController.swift */ = {isa = PBXFileReference; lastKnownFileType = sourcecode.swift; path = FindRoomVCDataController.swift; sourceTree = "<group>"; };
		04C7132C21C98AB800F3D62F /* Duration.swift */ = {isa = PBXFileReference; lastKnownFileType = sourcecode.swift; path = Duration.swift; sourceTree = "<group>"; };
		04C7132E21C98F8700F3D62F /* DateTimeInputVC.swift */ = {isa = PBXFileReference; lastKnownFileType = sourcecode.swift; path = DateTimeInputVC.swift; sourceTree = "<group>"; };
		04C7133021C9AED800F3D62F /* RoomAmenity.swift */ = {isa = PBXFileReference; lastKnownFileType = sourcecode.swift; path = RoomAmenity.swift; sourceTree = "<group>"; };
		04C7133221C9B8DE00F3D62F /* FindRoomManager.swift */ = {isa = PBXFileReference; lastKnownFileType = sourcecode.swift; path = FindRoomManager.swift; sourceTree = "<group>"; };
		04C7133421CC345500F3D62F /* AirConferenceRoom.swift */ = {isa = PBXFileReference; lastKnownFileType = sourcecode.swift; path = AirConferenceRoom.swift; sourceTree = "<group>"; };
		04C7133621CC3DC300F3D62F /* ConferenceRoomTVCell.swift */ = {isa = PBXFileReference; lastKnownFileType = sourcecode.swift; path = ConferenceRoomTVCell.swift; sourceTree = "<group>"; };
		04C7133721CC3DC300F3D62F /* ConferenceRoomTVCell.xib */ = {isa = PBXFileReference; lastKnownFileType = file.xib; path = ConferenceRoomTVCell.xib; sourceTree = "<group>"; };
		04C7133A21CC453C00F3D62F /* RoomListTVC.swift */ = {isa = PBXFileReference; lastKnownFileType = sourcecode.swift; path = RoomListTVC.swift; sourceTree = "<group>"; };
		04C7133C21CC50BD00F3D62F /* HourBookingCVC.swift */ = {isa = PBXFileReference; lastKnownFileType = sourcecode.swift; path = HourBookingCVC.swift; sourceTree = "<group>"; };
		04C7133D21CC50BD00F3D62F /* HourBookingCVC.xib */ = {isa = PBXFileReference; lastKnownFileType = file.xib; path = HourBookingCVC.xib; sourceTree = "<group>"; };
		04C7134021CC6C8700F3D62F /* AirConferenceRoomReservation.swift */ = {isa = PBXFileReference; lastKnownFileType = sourcecode.swift; path = AirConferenceRoomReservation.swift; sourceTree = "<group>"; };
		04C7134221CC864200F3D62F /* ReservationManager.swift */ = {isa = PBXFileReference; lastKnownFileType = sourcecode.swift; path = ReservationManager.swift; sourceTree = "<group>"; };
		04CE40BB21D2427C002279DF /* RoomReservationVC.swift */ = {isa = PBXFileReference; lastKnownFileType = sourcecode.swift; path = RoomReservationVC.swift; sourceTree = "<group>"; };
		04CE40BD21D243EA002279DF /* RoomReservationVCDataController.swift */ = {isa = PBXFileReference; lastKnownFileType = sourcecode.swift; path = RoomReservationVCDataController.swift; sourceTree = "<group>"; };
		04CE40BF21D2D8CC002279DF /* NavLoadingIndicatorExtension.swift */ = {isa = PBXFileReference; lastKnownFileType = sourcecode.swift; path = NavLoadingIndicatorExtension.swift; sourceTree = "<group>"; };
		04CE40C121D30788002279DF /* MyReservationsListTVC.swift */ = {isa = PBXFileReference; lastKnownFileType = sourcecode.swift; path = MyReservationsListTVC.swift; sourceTree = "<group>"; };
		04CE40C321D307AF002279DF /* AirReservation.swift */ = {isa = PBXFileReference; lastKnownFileType = sourcecode.swift; path = AirReservation.swift; sourceTree = "<group>"; };
		04CE40C521D3082C002279DF /* AirDeskReservation.swift */ = {isa = PBXFileReference; lastKnownFileType = sourcecode.swift; path = AirDeskReservation.swift; sourceTree = "<group>"; };
		04CE40C721D3085A002279DF /* AirDesk.swift */ = {isa = PBXFileReference; lastKnownFileType = sourcecode.swift; path = AirDesk.swift; sourceTree = "<group>"; };
		04CE40C921D39D8E002279DF /* MainVCDataController.swift */ = {isa = PBXFileReference; lastKnownFileType = sourcecode.swift; path = MainVCDataController.swift; sourceTree = "<group>"; };
		04D8D6942183E68B0079380F /* Yelp.swift */ = {isa = PBXFileReference; lastKnownFileType = sourcecode.swift; path = Yelp.swift; sourceTree = "<group>"; };
		04D8D69A2183F7380079380F /* BioTVCell.swift */ = {isa = PBXFileReference; lastKnownFileType = sourcecode.swift; path = BioTVCell.swift; sourceTree = "<group>"; };
		04D8D69B2183F7380079380F /* BioTVCell.xib */ = {isa = PBXFileReference; lastKnownFileType = file.xib; path = BioTVCell.xib; sourceTree = "<group>"; };
		04E1631A21B3207F005441DE /* ServiceRequestType.swift */ = {isa = PBXFileReference; lastKnownFileType = sourcecode.swift; path = ServiceRequestType.swift; sourceTree = "<group>"; };
		04E7FEDA2185540800AD4E79 /* ReserveVC.swift */ = {isa = PBXFileReference; lastKnownFileType = sourcecode.swift; path = ReserveVC.swift; sourceTree = "<group>"; };
		04E7FEDC2185578100AD4E79 /* QuickReserveCVCell.swift */ = {isa = PBXFileReference; lastKnownFileType = sourcecode.swift; path = QuickReserveCVCell.swift; sourceTree = "<group>"; };
		04E7FEDD2185578100AD4E79 /* QuickReserveCVCell.xib */ = {isa = PBXFileReference; lastKnownFileType = file.xib; path = QuickReserveCVCell.xib; sourceTree = "<group>"; };
		04E7FEE02186A17C00AD4E79 /* ReserveVCSection.swift */ = {isa = PBXFileReference; lastKnownFileType = sourcecode.swift; path = ReserveVCSection.swift; sourceTree = "<group>"; };
		04F6B6F021D5E35400A05E9C /* EventManager.swift */ = {isa = PBXFileReference; lastKnownFileType = sourcecode.swift; path = EventManager.swift; sourceTree = "<group>"; };
		04F6B6F221D5E3BE00A05E9C /* AirEvent.swift */ = {isa = PBXFileReference; lastKnownFileType = sourcecode.swift; path = AirEvent.swift; sourceTree = "<group>"; };
		04F6B6F421D5E76B00A05E9C /* EventsTVC.swift */ = {isa = PBXFileReference; lastKnownFileType = sourcecode.swift; path = EventsTVC.swift; sourceTree = "<group>"; };
		04F6B6F621D5ED0200A05E9C /* EventsTVCDataController.swift */ = {isa = PBXFileReference; lastKnownFileType = sourcecode.swift; path = EventsTVCDataController.swift; sourceTree = "<group>"; };
		04F6B6F821D5EFAD00A05E9C /* EventsTVCell.swift */ = {isa = PBXFileReference; lastKnownFileType = sourcecode.swift; path = EventsTVCell.swift; sourceTree = "<group>"; };
		04F6B6F921D5EFAD00A05E9C /* EventsTVCell.xib */ = {isa = PBXFileReference; lastKnownFileType = file.xib; path = EventsTVCell.xib; sourceTree = "<group>"; };
		04F6B6FC21D6156A00A05E9C /* EventProfileTVC.swift */ = {isa = PBXFileReference; lastKnownFileType = sourcecode.swift; path = EventProfileTVC.swift; sourceTree = "<group>"; };
		04F6B6FE21D62C4400A05E9C /* InvalidUserVCViewController.swift */ = {isa = PBXFileReference; lastKnownFileType = sourcecode.swift; path = InvalidUserVCViewController.swift; sourceTree = "<group>"; };
		5E480989A434A67B50C0463B /* Pods-AirspaceManagementApp.debug.xcconfig */ = {isa = PBXFileReference; includeInIndex = 1; lastKnownFileType = text.xcconfig; name = "Pods-AirspaceManagementApp.debug.xcconfig"; path = "Pods/Target Support Files/Pods-AirspaceManagementApp/Pods-AirspaceManagementApp.debug.xcconfig"; sourceTree = "<group>"; };
		656D2D1C7F3AAF0303853BEC /* Pods_AirspaceManagementApp.framework */ = {isa = PBXFileReference; explicitFileType = wrapper.framework; includeInIndex = 0; path = Pods_AirspaceManagementApp.framework; sourceTree = BUILT_PRODUCTS_DIR; };
		CAE9B2D98373D08D679AE48C /* Pods-AirspaceManagementApp.release.xcconfig */ = {isa = PBXFileReference; includeInIndex = 1; lastKnownFileType = text.xcconfig; name = "Pods-AirspaceManagementApp.release.xcconfig"; path = "Pods/Target Support Files/Pods-AirspaceManagementApp/Pods-AirspaceManagementApp.release.xcconfig"; sourceTree = "<group>"; };
/* End PBXFileReference section */

/* Begin PBXFrameworksBuildPhase section */
		04552093217548F50033D33B /* Frameworks */ = {
			isa = PBXFrameworksBuildPhase;
			buildActionMask = 2147483647;
			files = (
				F87A05D304A682B44682A1E3 /* Pods_AirspaceManagementApp.framework in Frameworks */,
			);
			runOnlyForDeploymentPostprocessing = 0;
		};
/* End PBXFrameworksBuildPhase section */

/* Begin PBXGroup section */
		040E989221A3B1EB00143CA5 /* DataControllers */ = {
			isa = PBXGroup;
			children = (
				040E989321A3B1FF00143CA5 /* RegisterGuestTVCDataController.swift */,
				042AF9A621A744EB00E7048B /* ProfileVCDataController.swift */,
				0476C1E521B0E77900ED87F8 /* ServiceRequestVCDataController.swift */,
				04C7132A21C9840A00F3D62F /* FindRoomVCDataController.swift */,
				04247FB421CF204400DA6E5E /* ConferenceRoomProfileDataController.swift */,
				046CC9B621D0478300DC1993 /* NotificationVCDataController.swift */,
				04CE40BD21D243EA002279DF /* RoomReservationVCDataController.swift */,
				04CE40C921D39D8E002279DF /* MainVCDataController.swift */,
				04110D6B21D4B07F00A07DB7 /* SpaceInfoTVCDataController.swift */,
				04110D6D21D4CFDF00A07DB7 /* DataControllerDelegates.swift */,
				04F6B6F621D5ED0200A05E9C /* EventsTVCDataController.swift */,
				043D3BB721D73D3400E833EF /* HotDeskProfileDataController.swift */,
				043D3BBB21D7549600E833EF /* FindDeskVCDataController.swift */,
				043D3BC121D787AF00E833EF /* DeskReservationVCDataController.swift */,
			);
			path = DataControllers;
			sourceTree = "<group>";
		};
		0455208D217548F50033D33B = {
			isa = PBXGroup;
			children = (
				04552098217548F50033D33B /* AirspaceManagementApp */,
				04552097217548F50033D33B /* Products */,
				EEABBB4845E16664B11CBDFB /* Pods */,
				39E411A42304779E5373AB58 /* Frameworks */,
			);
			sourceTree = "<group>";
		};
		04552097217548F50033D33B /* Products */ = {
			isa = PBXGroup;
			children = (
				04552096217548F50033D33B /* AirspaceManagementApp.app */,
			);
			name = Products;
			sourceTree = "<group>";
		};
		04552098217548F50033D33B /* AirspaceManagementApp */ = {
			isa = PBXGroup;
			children = (
				04A1740F21A60B10005D76D2 /* AirspaceManagementApp.entitlements */,
				040E989221A3B1EB00143CA5 /* DataControllers */,
				046CC9BE21D0D5D100DC1993 /* Data Managers */,
				045C28E4217CD8DB0017C121 /* Navigation Components */,
				045C28E3217CD7D60017C121 /* UI Components */,
				045C28E2217CD7C70017C121 /* Models */,
				045C28E1217CD7AD0017C121 /* View Controllers */,
				04552099217548F50033D33B /* AppDelegate.swift */,
				0455209D217548F50033D33B /* Main.storyboard */,
				045520A0217548F60033D33B /* Assets.xcassets */,
				0407E04E21840BE000C516BC /* background-video.mp4 */,
				045520A2217548F60033D33B /* LaunchScreen.storyboard */,
				045520A5217548F60033D33B /* Info.plist */,
				04A1741021A62438005D76D2 /* GoogleService-Info.plist */,
			);
			path = AirspaceManagementApp;
			sourceTree = "<group>";
		};
		045C28E1217CD7AD0017C121 /* View Controllers */ = {
			isa = PBXGroup;
			children = (
				045520B72177C1300033D33B /* MainVC.swift */,
				045520B121755A2B0033D33B /* ServiceRequestVC.swift */,
				04E7FEDA2185540800AD4E79 /* ReserveVC.swift */,
				045520AD217550C90033D33B /* LoginVC.swift */,
				045C28DF217CD7A70017C121 /* ProfileVC.swift */,
				043CA236217E87C6008703FC /* NotificationsVC.swift */,
				040E988921A38C3C00143CA5 /* RegisterGuestVC.swift */,
				0422BB1A21A4F45500F9CD64 /* ChooseTVC.swift */,
				04110D7721D4D56D00A07DB7 /* ChooseTVCDelegate.swift */,
				042AF9A221A71A6900E7048B /* MyGuestRegTVC.swift */,
				0413D2C821C81ABD00E2C5F3 /* TextInputVC.swift */,
				0413D2CE21C889D200E2C5F3 /* MyServReqTVC.swift */,
				04C7132821C9762200F3D62F /* FindRoomVC.swift */,
				04C7132E21C98F8700F3D62F /* DateTimeInputVC.swift */,
				04C7133A21CC453C00F3D62F /* RoomListTVC.swift */,
				0478226621CCB8CA000A6FED /* ConferenceRoomProfileTVC.swift */,
				046CC9BF21D15FD000DC1993 /* SettingsTVC.swift */,
				04CE40BB21D2427C002279DF /* RoomReservationVC.swift */,
				04CE40C121D30788002279DF /* MyReservationsListTVC.swift */,
				04110D6921D4A67F00A07DB7 /* SpaceInfoTVC.swift */,
				04F6B6F421D5E76B00A05E9C /* EventsTVC.swift */,
				04F6B6FC21D6156A00A05E9C /* EventProfileTVC.swift */,
				04F6B6FE21D62C4400A05E9C /* InvalidUserVCViewController.swift */,
				040C548421D72C6700745CAB /* HotDeskProfileVC.swift */,
				043D3BB921D753F400E833EF /* FindDeskVC.swift */,
				043D3BBD21D75B0300E833EF /* DeskListVC.swift */,
				043D3BBF21D77F1A00E833EF /* DeskReservationVC.swift */,
				043D3BC321D7A98D00E833EF /* InitialVC.swift */,
			);
			path = "View Controllers";
			sourceTree = "<group>";
		};
		045C28E2217CD7C70017C121 /* Models */ = {
			isa = PBXGroup;
			children = (
				040E989021A3AF1300143CA5 /* PageSection.swift */,
				043CA244217FEC8B008703FC /* ProfileVCSections.swift */,
				04E7FEE02186A17C00AD4E79 /* ReserveVCSection.swift */,
				04110D7321D4D45F00A07DB7 /* ServiceRequestVCSection.swift */,
				04110D7521D4D54600A07DB7 /* RegisterGuestVCSection.swift */,
				0422BB1C21A4F65300F9CD64 /* AirOffice.swift */,
				0422BB1E21A4F66C00F9CD64 /* AirUser.swift */,
				0422BB2021A4F68E00F9CD64 /* AirBuilding.swift */,
				0422BB2221A4F6A900F9CD64 /* AirCompany.swift */,
				042AF9A421A71C5F00E7048B /* AirGuestRegistration.swift */,
				0413D2CC21C8560900E2C5F3 /* AirServiceRequest.swift */,
				04E1631A21B3207F005441DE /* ServiceRequestType.swift */,
				04C7132C21C98AB800F3D62F /* Duration.swift */,
				04C7133021C9AED800F3D62F /* RoomAmenity.swift */,
				04C7133421CC345500F3D62F /* AirConferenceRoom.swift */,
				04C7134021CC6C8700F3D62F /* AirConferenceRoomReservation.swift */,
				046CC9B421D03DC000DC1993 /* AirNotification.swift */,
				04CE40C321D307AF002279DF /* AirReservation.swift */,
				04CE40C721D3085A002279DF /* AirDesk.swift */,
				04CE40C521D3082C002279DF /* AirDeskReservation.swift */,
				04F6B6F221D5E3BE00A05E9C /* AirEvent.swift */,
			);
			path = Models;
			sourceTree = "<group>";
		};
		045C28E3217CD7D60017C121 /* UI Components */ = {
			isa = PBXGroup;
			children = (
				0422BB2821A5169100F9CD64 /* DateExtensions.swift */,
				0407E0502184190500C516BC /* GlobalConstants.swift */,
				04110D7121D4D24C00A07DB7 /* Extensions.swift */,
				04CE40BF21D2D8CC002279DF /* NavLoadingIndicatorExtension.swift */,
				045520BB2177C5EB0033D33B /* MainTableViewCell.swift */,
				043CA248217FF0F7008703FC /* CarouselTVCell.swift */,
				043CA249217FF0F7008703FC /* CarouselTVCell.xib */,
				043CA24E217FF236008703FC /* CarouselCVCell.swift */,
				04110D6F21D4D18100A07DB7 /* CarouselCVCellItem.swift */,
				043CA24F217FF236008703FC /* CarouselCVCell.xib */,
				04D8D69A2183F7380079380F /* BioTVCell.swift */,
				04D8D69B2183F7380079380F /* BioTVCell.xib */,
				04E7FEDC2185578100AD4E79 /* QuickReserveCVCell.swift */,
				04E7FEDD2185578100AD4E79 /* QuickReserveCVCell.xib */,
				040E988C21A3A7D400143CA5 /* FormTVCell.swift */,
				040E988D21A3A7D400143CA5 /* FormTVCell.xib */,
				040E989521A3B7B900143CA5 /* FormSubmitTVCell.swift */,
				040E989621A3B7B900143CA5 /* FormSubmitTVCell.xib */,
				0422BB2621A4FC5700F9CD64 /* UITableViewCellExtension.swift */,
				042AF99C21A6835A00E7048B /* SeeMoreTVC.swift */,
				042AF99D21A6835A00E7048B /* SeeMoreTVC.xib */,
				042AF9A021A683FA00E7048B /* BorderButton.swift */,
				042AF9A821A759A100E7048B /* TextCVCell.swift */,
				042AF9A921A759A100E7048B /* TextCVCell.xib */,
				04C7133621CC3DC300F3D62F /* ConferenceRoomTVCell.swift */,
				04C7133721CC3DC300F3D62F /* ConferenceRoomTVCell.xib */,
				04C7133C21CC50BD00F3D62F /* HourBookingCVC.swift */,
				04C7133D21CC50BD00F3D62F /* HourBookingCVC.xib */,
				046D8BF021CCEE1F00F2C3B1 /* ConferenceRoomDetailedTVC.swift */,
				046D8BF121CCEE1F00F2C3B1 /* ConferenceRoomDetailedTVC.xib */,
				046CC9BA21D07EFF00DC1993 /* NotificationTVCell.swift */,
				046CC9BB21D07EFF00DC1993 /* NotificationTVCell.xib */,
				04F6B6F821D5EFAD00A05E9C /* EventsTVCell.swift */,
				04F6B6F921D5EFAD00A05E9C /* EventsTVCell.xib */,
			);
			path = "UI Components";
			sourceTree = "<group>";
		};
		045C28E4217CD8DB0017C121 /* Navigation Components */ = {
			isa = PBXGroup;
			children = (
				045520AF2175589E0033D33B /* HomeTabBarController.swift */,
				045C28E5217CD8F40017C121 /* NavControllers.swift */,
			);
			path = "Navigation Components";
			sourceTree = "<group>";
		};
		046CC9BE21D0D5D100DC1993 /* Data Managers */ = {
			isa = PBXGroup;
			children = (
				0413D2CA21C821F900E2C5F3 /* ServiceRequestManager.swift */,
				0422BB2A21A525B400F9CD64 /* RegisterGuestManager.swift */,
				046CC9B821D068B200DC1993 /* NotificationManager.swift */,
				0429F22921CF48CA00BAECAA /* OfficeManager.swift */,
				044F8E61218BF26000E84B0F /* UserAuth.swift */,
				0422BB2421A4FB2700F9CD64 /* UserManager.swift */,
				04D8D6942183E68B0079380F /* Yelp.swift */,
				04F6B6F021D5E35400A05E9C /* EventManager.swift */,
				04C7133221C9B8DE00F3D62F /* FindRoomManager.swift */,
				040C548221D7192800745CAB /* FindDeskManager.swift */,
				04C7134221CC864200F3D62F /* ReservationManager.swift */,
				040C548021D70F2200745CAB /* DeskReservationManager.swift */,
			);
			path = "Data Managers";
			sourceTree = "<group>";
		};
		39E411A42304779E5373AB58 /* Frameworks */ = {
			isa = PBXGroup;
			children = (
				656D2D1C7F3AAF0303853BEC /* Pods_AirspaceManagementApp.framework */,
			);
			name = Frameworks;
			sourceTree = "<group>";
		};
		EEABBB4845E16664B11CBDFB /* Pods */ = {
			isa = PBXGroup;
			children = (
				5E480989A434A67B50C0463B /* Pods-AirspaceManagementApp.debug.xcconfig */,
				CAE9B2D98373D08D679AE48C /* Pods-AirspaceManagementApp.release.xcconfig */,
			);
			name = Pods;
			sourceTree = "<group>";
		};
/* End PBXGroup section */

/* Begin PBXNativeTarget section */
		04552095217548F50033D33B /* AirspaceManagementApp */ = {
			isa = PBXNativeTarget;
			buildConfigurationList = 045520A8217548F60033D33B /* Build configuration list for PBXNativeTarget "AirspaceManagementApp" */;
			buildPhases = (
				67442D5D80C9D02369F80FFB /* [CP] Check Pods Manifest.lock */,
				04552092217548F50033D33B /* Sources */,
				04552093217548F50033D33B /* Frameworks */,
				04552094217548F50033D33B /* Resources */,
				B5ACD57054FD4E56CD04D847 /* [CP] Embed Pods Frameworks */,
				EAC83B54BF60517BC7A586F6 /* [CP] Copy Pods Resources */,
			);
			buildRules = (
			);
			dependencies = (
			);
			name = AirspaceManagementApp;
			productName = AirspaceManagementApp;
			productReference = 04552096217548F50033D33B /* AirspaceManagementApp.app */;
			productType = "com.apple.product-type.application";
		};
/* End PBXNativeTarget section */

/* Begin PBXProject section */
		0455208E217548F50033D33B /* Project object */ = {
			isa = PBXProject;
			attributes = {
				LastSwiftUpdateCheck = 1000;
				LastUpgradeCheck = 1000;
				ORGANIZATIONNAME = "Aditya Gunda";
				TargetAttributes = {
					04552095217548F50033D33B = {
						CreatedOnToolsVersion = 10.0;
						SystemCapabilities = {
							com.apple.Push = {
								enabled = 1;
							};
						};
					};
				};
			};
			buildConfigurationList = 04552091217548F50033D33B /* Build configuration list for PBXProject "AirspaceManagementApp" */;
			compatibilityVersion = "Xcode 9.3";
			developmentRegion = en;
			hasScannedForEncodings = 0;
			knownRegions = (
				en,
				Base,
			);
			mainGroup = 0455208D217548F50033D33B;
			productRefGroup = 04552097217548F50033D33B /* Products */;
			projectDirPath = "";
			projectRoot = "";
			targets = (
				04552095217548F50033D33B /* AirspaceManagementApp */,
			);
		};
/* End PBXProject section */

/* Begin PBXResourcesBuildPhase section */
		04552094217548F50033D33B /* Resources */ = {
			isa = PBXResourcesBuildPhase;
			buildActionMask = 2147483647;
			files = (
				04F6B6FB21D5EFAD00A05E9C /* EventsTVCell.xib in Resources */,
				046CC9BD21D07EFF00DC1993 /* NotificationTVCell.xib in Resources */,
				0407E04F21840BE100C516BC /* background-video.mp4 in Resources */,
				040E988F21A3A7D400143CA5 /* FormTVCell.xib in Resources */,
				046D8BF321CCEE1F00F2C3B1 /* ConferenceRoomDetailedTVC.xib in Resources */,
				045520A4217548F60033D33B /* LaunchScreen.storyboard in Resources */,
				04D8D69D2183F7380079380F /* BioTVCell.xib in Resources */,
				04A1741121A62439005D76D2 /* GoogleService-Info.plist in Resources */,
				04C7133F21CC50BD00F3D62F /* HourBookingCVC.xib in Resources */,
				04C7133921CC3DC300F3D62F /* ConferenceRoomTVCell.xib in Resources */,
				043CA251217FF236008703FC /* CarouselCVCell.xib in Resources */,
				042AF99F21A6835A00E7048B /* SeeMoreTVC.xib in Resources */,
				043CA24B217FF0F7008703FC /* CarouselTVCell.xib in Resources */,
				042AF9AB21A759A100E7048B /* TextCVCell.xib in Resources */,
				04E7FEDF2185578100AD4E79 /* QuickReserveCVCell.xib in Resources */,
				045520A1217548F60033D33B /* Assets.xcassets in Resources */,
				0455209F217548F50033D33B /* Main.storyboard in Resources */,
				040E989821A3B7B900143CA5 /* FormSubmitTVCell.xib in Resources */,
			);
			runOnlyForDeploymentPostprocessing = 0;
		};
/* End PBXResourcesBuildPhase section */

/* Begin PBXShellScriptBuildPhase section */
		67442D5D80C9D02369F80FFB /* [CP] Check Pods Manifest.lock */ = {
			isa = PBXShellScriptBuildPhase;
			buildActionMask = 2147483647;
			files = (
			);
			inputPaths = (
				"${PODS_PODFILE_DIR_PATH}/Podfile.lock",
				"${PODS_ROOT}/Manifest.lock",
			);
			name = "[CP] Check Pods Manifest.lock";
			outputPaths = (
				"$(DERIVED_FILE_DIR)/Pods-AirspaceManagementApp-checkManifestLockResult.txt",
			);
			runOnlyForDeploymentPostprocessing = 0;
			shellPath = /bin/sh;
			shellScript = "diff \"${PODS_PODFILE_DIR_PATH}/Podfile.lock\" \"${PODS_ROOT}/Manifest.lock\" > /dev/null\nif [ $? != 0 ] ; then\n    # print error to STDERR\n    echo \"error: The sandbox is not in sync with the Podfile.lock. Run 'pod install' or update your CocoaPods installation.\" >&2\n    exit 1\nfi\n# This output is used by Xcode 'outputs' to avoid re-running this script phase.\necho \"SUCCESS\" > \"${SCRIPT_OUTPUT_FILE_0}\"\n";
			showEnvVarsInLog = 0;
		};
		B5ACD57054FD4E56CD04D847 /* [CP] Embed Pods Frameworks */ = {
			isa = PBXShellScriptBuildPhase;
			buildActionMask = 2147483647;
			files = (
			);
			inputPaths = (
				"${SRCROOT}/Pods/Target Support Files/Pods-AirspaceManagementApp/Pods-AirspaceManagementApp-frameworks.sh",
				"${BUILT_PRODUCTS_DIR}/Alamofire/Alamofire.framework",
				"${BUILT_PRODUCTS_DIR}/BetterSegmentedControl/BetterSegmentedControl.framework",
				"${BUILT_PRODUCTS_DIR}/BoringSSL/openssl.framework",
				"${BUILT_PRODUCTS_DIR}/CFAlertViewController/CFAlertViewController.framework",
				"${BUILT_PRODUCTS_DIR}/ChameleonFramework/ChameleonFramework.framework",
				"${BUILT_PRODUCTS_DIR}/DZNEmptyDataSet/DZNEmptyDataSet.framework",
				"${BUILT_PRODUCTS_DIR}/GTMSessionFetcher/GTMSessionFetcher.framework",
				"${BUILT_PRODUCTS_DIR}/GoogleUtilities/GoogleUtilities.framework",
				"${BUILT_PRODUCTS_DIR}/JVFloatLabeledTextField/JVFloatLabeledTextField.framework",
				"${BUILT_PRODUCTS_DIR}/Kingfisher/Kingfisher.framework",
				"${BUILT_PRODUCTS_DIR}/MarqueeLabel/MarqueeLabel.framework",
				"${BUILT_PRODUCTS_DIR}/NVActivityIndicatorView/NVActivityIndicatorView.framework",
				"${BUILT_PRODUCTS_DIR}/NotificationBannerSwift/NotificationBannerSwift.framework",
				"${BUILT_PRODUCTS_DIR}/Protobuf/Protobuf.framework",
				"${BUILT_PRODUCTS_DIR}/SDWebImage/SDWebImage.framework",
				"${BUILT_PRODUCTS_DIR}/SnapKit/SnapKit.framework",
				"${BUILT_PRODUCTS_DIR}/SwiftDate/SwiftDate.framework",
				"${BUILT_PRODUCTS_DIR}/SwiftPullToRefresh/SwiftPullToRefresh.framework",
				"${BUILT_PRODUCTS_DIR}/SwiftyButton/SwiftyButton.framework",
				"${BUILT_PRODUCTS_DIR}/gRPC-C++/grpcpp.framework",
				"${BUILT_PRODUCTS_DIR}/gRPC-Core/grpc.framework",
				"${BUILT_PRODUCTS_DIR}/leveldb-library/leveldb.framework",
				"${BUILT_PRODUCTS_DIR}/nanopb/nanopb.framework",
			);
			name = "[CP] Embed Pods Frameworks";
			outputPaths = (
				"${TARGET_BUILD_DIR}/${FRAMEWORKS_FOLDER_PATH}/Alamofire.framework",
				"${TARGET_BUILD_DIR}/${FRAMEWORKS_FOLDER_PATH}/BetterSegmentedControl.framework",
				"${TARGET_BUILD_DIR}/${FRAMEWORKS_FOLDER_PATH}/openssl.framework",
				"${TARGET_BUILD_DIR}/${FRAMEWORKS_FOLDER_PATH}/CFAlertViewController.framework",
				"${TARGET_BUILD_DIR}/${FRAMEWORKS_FOLDER_PATH}/ChameleonFramework.framework",
				"${TARGET_BUILD_DIR}/${FRAMEWORKS_FOLDER_PATH}/DZNEmptyDataSet.framework",
				"${TARGET_BUILD_DIR}/${FRAMEWORKS_FOLDER_PATH}/GTMSessionFetcher.framework",
				"${TARGET_BUILD_DIR}/${FRAMEWORKS_FOLDER_PATH}/GoogleUtilities.framework",
				"${TARGET_BUILD_DIR}/${FRAMEWORKS_FOLDER_PATH}/JVFloatLabeledTextField.framework",
				"${TARGET_BUILD_DIR}/${FRAMEWORKS_FOLDER_PATH}/Kingfisher.framework",
				"${TARGET_BUILD_DIR}/${FRAMEWORKS_FOLDER_PATH}/MarqueeLabel.framework",
				"${TARGET_BUILD_DIR}/${FRAMEWORKS_FOLDER_PATH}/NVActivityIndicatorView.framework",
				"${TARGET_BUILD_DIR}/${FRAMEWORKS_FOLDER_PATH}/NotificationBannerSwift.framework",
				"${TARGET_BUILD_DIR}/${FRAMEWORKS_FOLDER_PATH}/Protobuf.framework",
				"${TARGET_BUILD_DIR}/${FRAMEWORKS_FOLDER_PATH}/SDWebImage.framework",
				"${TARGET_BUILD_DIR}/${FRAMEWORKS_FOLDER_PATH}/SnapKit.framework",
				"${TARGET_BUILD_DIR}/${FRAMEWORKS_FOLDER_PATH}/SwiftDate.framework",
				"${TARGET_BUILD_DIR}/${FRAMEWORKS_FOLDER_PATH}/SwiftPullToRefresh.framework",
				"${TARGET_BUILD_DIR}/${FRAMEWORKS_FOLDER_PATH}/SwiftyButton.framework",
				"${TARGET_BUILD_DIR}/${FRAMEWORKS_FOLDER_PATH}/grpcpp.framework",
				"${TARGET_BUILD_DIR}/${FRAMEWORKS_FOLDER_PATH}/grpc.framework",
				"${TARGET_BUILD_DIR}/${FRAMEWORKS_FOLDER_PATH}/leveldb.framework",
				"${TARGET_BUILD_DIR}/${FRAMEWORKS_FOLDER_PATH}/nanopb.framework",
			);
			runOnlyForDeploymentPostprocessing = 0;
			shellPath = /bin/sh;
			shellScript = "\"${SRCROOT}/Pods/Target Support Files/Pods-AirspaceManagementApp/Pods-AirspaceManagementApp-frameworks.sh\"\n";
			showEnvVarsInLog = 0;
		};
		EAC83B54BF60517BC7A586F6 /* [CP] Copy Pods Resources */ = {
			isa = PBXShellScriptBuildPhase;
			buildActionMask = 2147483647;
			files = (
			);
			inputPaths = (
				"${SRCROOT}/Pods/Target Support Files/Pods-AirspaceManagementApp/Pods-AirspaceManagementApp-resources.sh",
				"${PODS_CONFIGURATION_BUILD_DIR}/FirebaseFirestore/gRPCCertificates-Firestore.bundle",
			);
			name = "[CP] Copy Pods Resources";
			outputPaths = (
				"${TARGET_BUILD_DIR}/${UNLOCALIZED_RESOURCES_FOLDER_PATH}/gRPCCertificates-Firestore.bundle",
			);
			runOnlyForDeploymentPostprocessing = 0;
			shellPath = /bin/sh;
			shellScript = "\"${SRCROOT}/Pods/Target Support Files/Pods-AirspaceManagementApp/Pods-AirspaceManagementApp-resources.sh\"\n";
			showEnvVarsInLog = 0;
		};
/* End PBXShellScriptBuildPhase section */

/* Begin PBXSourcesBuildPhase section */
		04552092217548F50033D33B /* Sources */ = {
			isa = PBXSourcesBuildPhase;
			buildActionMask = 2147483647;
			files = (
				04110D7421D4D45F00A07DB7 /* ServiceRequestVCSection.swift in Sources */,
				0422BB1B21A4F45500F9CD64 /* ChooseTVC.swift in Sources */,
				043D3BBA21D753F400E833EF /* FindDeskVC.swift in Sources */,
				04110D7021D4D18100A07DB7 /* CarouselCVCellItem.swift in Sources */,
				04C7134121CC6C8700F3D62F /* AirConferenceRoomReservation.swift in Sources */,
				04C7133321C9B8DE00F3D62F /* FindRoomManager.swift in Sources */,
				0429F22A21CF48CA00BAECAA /* OfficeManager.swift in Sources */,
				043D3BBE21D75B0300E833EF /* DeskListVC.swift in Sources */,
				04F6B6FA21D5EFAD00A05E9C /* EventsTVCell.swift in Sources */,
				045520B221755A2B0033D33B /* ServiceRequestVC.swift in Sources */,
				043D3BC221D787AF00E833EF /* DeskReservationVCDataController.swift in Sources */,
				0422BB2B21A525B400F9CD64 /* RegisterGuestManager.swift in Sources */,
				042AF9AA21A759A100E7048B /* TextCVCell.swift in Sources */,
				04C7133121C9AED800F3D62F /* RoomAmenity.swift in Sources */,
				04C7132F21C98F8700F3D62F /* DateTimeInputVC.swift in Sources */,
				046CC9B721D0478300DC1993 /* NotificationVCDataController.swift in Sources */,
				045520B82177C1300033D33B /* MainVC.swift in Sources */,
				04110D6E21D4CFDF00A07DB7 /* DataControllerDelegates.swift in Sources */,
				043D3BC421D7A98D00E833EF /* InitialVC.swift in Sources */,
				046CC9B521D03DC000DC1993 /* AirNotification.swift in Sources */,
				04247FB521CF204400DA6E5E /* ConferenceRoomProfileDataController.swift in Sources */,
				04CE40C621D3082C002279DF /* AirDeskReservation.swift in Sources */,
				04C7133821CC3DC300F3D62F /* ConferenceRoomTVCell.swift in Sources */,
				04C7132B21C9840A00F3D62F /* FindRoomVCDataController.swift in Sources */,
				0407E0512184190500C516BC /* GlobalConstants.swift in Sources */,
				0413D2CD21C8560900E2C5F3 /* AirServiceRequest.swift in Sources */,
				0413D2C921C81ABD00E2C5F3 /* TextInputVC.swift in Sources */,
				043CA237217E87C6008703FC /* NotificationsVC.swift in Sources */,
				046CC9BC21D07EFF00DC1993 /* NotificationTVCell.swift in Sources */,
				045520BC2177C5EB0033D33B /* MainTableViewCell.swift in Sources */,
				04CE40C221D30788002279DF /* MyReservationsListTVC.swift in Sources */,
				04F6B6F721D5ED0200A05E9C /* EventsTVCDataController.swift in Sources */,
				043D3BC021D77F1A00E833EF /* DeskReservationVC.swift in Sources */,
				0413D2CB21C821F900E2C5F3 /* ServiceRequestManager.swift in Sources */,
				04C7133E21CC50BD00F3D62F /* HourBookingCVC.swift in Sources */,
				0422BB2321A4F6A900F9CD64 /* AirCompany.swift in Sources */,
				04110D7821D4D56D00A07DB7 /* ChooseTVCDelegate.swift in Sources */,
				045C28E0217CD7A70017C121 /* ProfileVC.swift in Sources */,
				04C7132921C9762200F3D62F /* FindRoomVC.swift in Sources */,
				0478226721CCB8CA000A6FED /* ConferenceRoomProfileTVC.swift in Sources */,
				046D8BF221CCEE1F00F2C3B1 /* ConferenceRoomDetailedTVC.swift in Sources */,
				04E7FEE12186A17C00AD4E79 /* ReserveVCSection.swift in Sources */,
				04CE40BC21D2427C002279DF /* RoomReservationVC.swift in Sources */,
				04CE40C821D3085A002279DF /* AirDesk.swift in Sources */,
				040E989721A3B7B900143CA5 /* FormSubmitTVCell.swift in Sources */,
				0422BB1F21A4F66C00F9CD64 /* AirUser.swift in Sources */,
				04F6B6FF21D62C4400A05E9C /* InvalidUserVCViewController.swift in Sources */,
				040E989421A3B1FF00143CA5 /* RegisterGuestTVCDataController.swift in Sources */,
				0476C1E621B0E77900ED87F8 /* ServiceRequestVCDataController.swift in Sources */,
				0422BB2921A5169100F9CD64 /* DateExtensions.swift in Sources */,
				04CE40BE21D243EA002279DF /* RoomReservationVCDataController.swift in Sources */,
				042AF9A321A71A6900E7048B /* MyGuestRegTVC.swift in Sources */,
				042AF99E21A6835A00E7048B /* SeeMoreTVC.swift in Sources */,
				0455209A217548F50033D33B /* AppDelegate.swift in Sources */,
				04F6B6F521D5E76B00A05E9C /* EventsTVC.swift in Sources */,
				04CE40C021D2D8CC002279DF /* NavLoadingIndicatorExtension.swift in Sources */,
				040C548321D7192800745CAB /* FindDeskManager.swift in Sources */,
				0413D2CF21C889D200E2C5F3 /* MyServReqTVC.swift in Sources */,
				04C7133B21CC453C00F3D62F /* RoomListTVC.swift in Sources */,
				046CC9B921D068B200DC1993 /* NotificationManager.swift in Sources */,
				04D8D6952183E68B0079380F /* Yelp.swift in Sources */,
				04110D7621D4D54600A07DB7 /* RegisterGuestVCSection.swift in Sources */,
				042AF9A521A71C5F00E7048B /* AirGuestRegistration.swift in Sources */,
				04F6B6FD21D6156A00A05E9C /* EventProfileTVC.swift in Sources */,
				043CA245217FEC8C008703FC /* ProfileVCSections.swift in Sources */,
				0422BB2521A4FB2700F9CD64 /* UserManager.swift in Sources */,
				040C548521D72C6700745CAB /* HotDeskProfileVC.swift in Sources */,
				04C7133521CC345500F3D62F /* AirConferenceRoom.swift in Sources */,
				040C548121D70F2200745CAB /* DeskReservationManager.swift in Sources */,
				04E7FEDB2185540800AD4E79 /* ReserveVC.swift in Sources */,
				042AF9A121A683FA00E7048B /* BorderButton.swift in Sources */,
				0422BB1D21A4F65300F9CD64 /* AirOffice.swift in Sources */,
				045C28E6217CD8F40017C121 /* NavControllers.swift in Sources */,
				040E988E21A3A7D400143CA5 /* FormTVCell.swift in Sources */,
				043D3BBC21D7549600E833EF /* FindDeskVCDataController.swift in Sources */,
				040E988A21A38C3C00143CA5 /* RegisterGuestVC.swift in Sources */,
				04110D6A21D4A67F00A07DB7 /* SpaceInfoTVC.swift in Sources */,
				04D8D69C2183F7380079380F /* BioTVCell.swift in Sources */,
				042AF9A721A744EB00E7048B /* ProfileVCDataController.swift in Sources */,
				04C7132D21C98AB800F3D62F /* Duration.swift in Sources */,
				04F6B6F121D5E35400A05E9C /* EventManager.swift in Sources */,
				04F6B6F321D5E3BE00A05E9C /* AirEvent.swift in Sources */,
				04E1631B21B3207F005441DE /* ServiceRequestType.swift in Sources */,
				045520B02175589E0033D33B /* HomeTabBarController.swift in Sources */,
				0422BB2121A4F68E00F9CD64 /* AirBuilding.swift in Sources */,
				04110D6C21D4B07F00A07DB7 /* SpaceInfoTVCDataController.swift in Sources */,
				043CA24A217FF0F7008703FC /* CarouselTVCell.swift in Sources */,
				045520AE217550C90033D33B /* LoginVC.swift in Sources */,
				0422BB2721A4FC5700F9CD64 /* UITableViewCellExtension.swift in Sources */,
				04CE40C421D307AF002279DF /* AirReservation.swift in Sources */,
				043CA250217FF236008703FC /* CarouselCVCell.swift in Sources */,
				04E7FEDE2185578100AD4E79 /* QuickReserveCVCell.swift in Sources */,
				040E989121A3AF1300143CA5 /* PageSection.swift in Sources */,
				04110D7221D4D24C00A07DB7 /* Extensions.swift in Sources */,
				04C7134321CC864200F3D62F /* ReservationManager.swift in Sources */,
				046CC9C121D15FD000DC1993 /* SettingsTVC.swift in Sources */,
				043D3BB821D73D3400E833EF /* HotDeskProfileDataController.swift in Sources */,
				04CE40CA21D39D8E002279DF /* MainVCDataController.swift in Sources */,
				044F8E62218BF26000E84B0F /* UserAuth.swift in Sources */,
			);
			runOnlyForDeploymentPostprocessing = 0;
		};
/* End PBXSourcesBuildPhase section */

/* Begin PBXVariantGroup section */
		0455209D217548F50033D33B /* Main.storyboard */ = {
			isa = PBXVariantGroup;
			children = (
				0455209E217548F50033D33B /* Base */,
			);
			name = Main.storyboard;
			sourceTree = "<group>";
		};
		045520A2217548F60033D33B /* LaunchScreen.storyboard */ = {
			isa = PBXVariantGroup;
			children = (
				045520A3217548F60033D33B /* Base */,
			);
			name = LaunchScreen.storyboard;
			sourceTree = "<group>";
		};
/* End PBXVariantGroup section */

/* Begin XCBuildConfiguration section */
		045520A6217548F60033D33B /* Debug */ = {
			isa = XCBuildConfiguration;
			buildSettings = {
				ALWAYS_SEARCH_USER_PATHS = NO;
				CLANG_ANALYZER_NONNULL = YES;
				CLANG_ANALYZER_NUMBER_OBJECT_CONVERSION = YES_AGGRESSIVE;
				CLANG_CXX_LANGUAGE_STANDARD = "gnu++14";
				CLANG_CXX_LIBRARY = "libc++";
				CLANG_ENABLE_MODULES = YES;
				CLANG_ENABLE_OBJC_ARC = YES;
				CLANG_ENABLE_OBJC_WEAK = YES;
				CLANG_WARN_BLOCK_CAPTURE_AUTORELEASING = YES;
				CLANG_WARN_BOOL_CONVERSION = YES;
				CLANG_WARN_COMMA = YES;
				CLANG_WARN_CONSTANT_CONVERSION = YES;
				CLANG_WARN_DEPRECATED_OBJC_IMPLEMENTATIONS = YES;
				CLANG_WARN_DIRECT_OBJC_ISA_USAGE = YES_ERROR;
				CLANG_WARN_DOCUMENTATION_COMMENTS = YES;
				CLANG_WARN_EMPTY_BODY = YES;
				CLANG_WARN_ENUM_CONVERSION = YES;
				CLANG_WARN_INFINITE_RECURSION = YES;
				CLANG_WARN_INT_CONVERSION = YES;
				CLANG_WARN_NON_LITERAL_NULL_CONVERSION = YES;
				CLANG_WARN_OBJC_IMPLICIT_RETAIN_SELF = YES;
				CLANG_WARN_OBJC_LITERAL_CONVERSION = YES;
				CLANG_WARN_OBJC_ROOT_CLASS = YES_ERROR;
				CLANG_WARN_RANGE_LOOP_ANALYSIS = YES;
				CLANG_WARN_STRICT_PROTOTYPES = YES;
				CLANG_WARN_SUSPICIOUS_MOVE = YES;
				CLANG_WARN_UNGUARDED_AVAILABILITY = YES_AGGRESSIVE;
				CLANG_WARN_UNREACHABLE_CODE = YES;
				CLANG_WARN__DUPLICATE_METHOD_MATCH = YES;
				CODE_SIGN_IDENTITY = "iPhone Developer";
				COPY_PHASE_STRIP = NO;
				DEBUG_INFORMATION_FORMAT = dwarf;
				ENABLE_STRICT_OBJC_MSGSEND = YES;
				ENABLE_TESTABILITY = YES;
				GCC_C_LANGUAGE_STANDARD = gnu11;
				GCC_DYNAMIC_NO_PIC = NO;
				GCC_NO_COMMON_BLOCKS = YES;
				GCC_OPTIMIZATION_LEVEL = 0;
				GCC_PREPROCESSOR_DEFINITIONS = (
					"DEBUG=1",
					"$(inherited)",
				);
				GCC_WARN_64_TO_32_BIT_CONVERSION = YES;
				GCC_WARN_ABOUT_RETURN_TYPE = YES_ERROR;
				GCC_WARN_UNDECLARED_SELECTOR = YES;
				GCC_WARN_UNINITIALIZED_AUTOS = YES_AGGRESSIVE;
				GCC_WARN_UNUSED_FUNCTION = YES;
				GCC_WARN_UNUSED_VARIABLE = YES;
				IPHONEOS_DEPLOYMENT_TARGET = 12.0;
				MTL_ENABLE_DEBUG_INFO = INCLUDE_SOURCE;
				MTL_FAST_MATH = YES;
				ONLY_ACTIVE_ARCH = YES;
				SDKROOT = iphoneos;
				SWIFT_ACTIVE_COMPILATION_CONDITIONS = DEBUG;
				SWIFT_OPTIMIZATION_LEVEL = "-Onone";
			};
			name = Debug;
		};
		045520A7217548F60033D33B /* Release */ = {
			isa = XCBuildConfiguration;
			buildSettings = {
				ALWAYS_SEARCH_USER_PATHS = NO;
				CLANG_ANALYZER_NONNULL = YES;
				CLANG_ANALYZER_NUMBER_OBJECT_CONVERSION = YES_AGGRESSIVE;
				CLANG_CXX_LANGUAGE_STANDARD = "gnu++14";
				CLANG_CXX_LIBRARY = "libc++";
				CLANG_ENABLE_MODULES = YES;
				CLANG_ENABLE_OBJC_ARC = YES;
				CLANG_ENABLE_OBJC_WEAK = YES;
				CLANG_WARN_BLOCK_CAPTURE_AUTORELEASING = YES;
				CLANG_WARN_BOOL_CONVERSION = YES;
				CLANG_WARN_COMMA = YES;
				CLANG_WARN_CONSTANT_CONVERSION = YES;
				CLANG_WARN_DEPRECATED_OBJC_IMPLEMENTATIONS = YES;
				CLANG_WARN_DIRECT_OBJC_ISA_USAGE = YES_ERROR;
				CLANG_WARN_DOCUMENTATION_COMMENTS = YES;
				CLANG_WARN_EMPTY_BODY = YES;
				CLANG_WARN_ENUM_CONVERSION = YES;
				CLANG_WARN_INFINITE_RECURSION = YES;
				CLANG_WARN_INT_CONVERSION = YES;
				CLANG_WARN_NON_LITERAL_NULL_CONVERSION = YES;
				CLANG_WARN_OBJC_IMPLICIT_RETAIN_SELF = YES;
				CLANG_WARN_OBJC_LITERAL_CONVERSION = YES;
				CLANG_WARN_OBJC_ROOT_CLASS = YES_ERROR;
				CLANG_WARN_RANGE_LOOP_ANALYSIS = YES;
				CLANG_WARN_STRICT_PROTOTYPES = YES;
				CLANG_WARN_SUSPICIOUS_MOVE = YES;
				CLANG_WARN_UNGUARDED_AVAILABILITY = YES_AGGRESSIVE;
				CLANG_WARN_UNREACHABLE_CODE = YES;
				CLANG_WARN__DUPLICATE_METHOD_MATCH = YES;
				CODE_SIGN_IDENTITY = "iPhone Developer";
				COPY_PHASE_STRIP = NO;
				DEBUG_INFORMATION_FORMAT = "dwarf-with-dsym";
				ENABLE_NS_ASSERTIONS = NO;
				ENABLE_STRICT_OBJC_MSGSEND = YES;
				GCC_C_LANGUAGE_STANDARD = gnu11;
				GCC_NO_COMMON_BLOCKS = YES;
				GCC_WARN_64_TO_32_BIT_CONVERSION = YES;
				GCC_WARN_ABOUT_RETURN_TYPE = YES_ERROR;
				GCC_WARN_UNDECLARED_SELECTOR = YES;
				GCC_WARN_UNINITIALIZED_AUTOS = YES_AGGRESSIVE;
				GCC_WARN_UNUSED_FUNCTION = YES;
				GCC_WARN_UNUSED_VARIABLE = YES;
				IPHONEOS_DEPLOYMENT_TARGET = 12.0;
				MTL_ENABLE_DEBUG_INFO = NO;
				MTL_FAST_MATH = YES;
				SDKROOT = iphoneos;
				SWIFT_COMPILATION_MODE = wholemodule;
				SWIFT_OPTIMIZATION_LEVEL = "-O";
				VALIDATE_PRODUCT = YES;
			};
			name = Release;
		};
		045520A9217548F60033D33B /* Debug */ = {
			isa = XCBuildConfiguration;
			baseConfigurationReference = 5E480989A434A67B50C0463B /* Pods-AirspaceManagementApp.debug.xcconfig */;
			buildSettings = {
				ASSETCATALOG_COMPILER_APPICON_NAME = AppIcon;
				CODE_SIGN_ENTITLEMENTS = AirspaceManagementApp/AirspaceManagementApp.entitlements;
				CODE_SIGN_STYLE = Automatic;
				DEVELOPMENT_TEAM = JQ4K8EE77P;
				INFOPLIST_FILE = AirspaceManagementApp/Info.plist;
				LD_RUNPATH_SEARCH_PATHS = (
					"$(inherited)",
					"@executable_path/Frameworks",
				);
				PRODUCT_BUNDLE_IDENTIFIER = AG.AirspaceMobileApp;
				PRODUCT_NAME = "$(TARGET_NAME)";
				SWIFT_VERSION = 4.2;
				TARGETED_DEVICE_FAMILY = "1,2";
			};
			name = Debug;
		};
		045520AA217548F60033D33B /* Release */ = {
			isa = XCBuildConfiguration;
			baseConfigurationReference = CAE9B2D98373D08D679AE48C /* Pods-AirspaceManagementApp.release.xcconfig */;
			buildSettings = {
				ASSETCATALOG_COMPILER_APPICON_NAME = AppIcon;
				CODE_SIGN_ENTITLEMENTS = AirspaceManagementApp/AirspaceManagementApp.entitlements;
				CODE_SIGN_STYLE = Automatic;
				DEVELOPMENT_TEAM = JQ4K8EE77P;
				INFOPLIST_FILE = AirspaceManagementApp/Info.plist;
				LD_RUNPATH_SEARCH_PATHS = (
					"$(inherited)",
					"@executable_path/Frameworks",
				);
				PRODUCT_BUNDLE_IDENTIFIER = AG.AirspaceMobileApp;
				PRODUCT_NAME = "$(TARGET_NAME)";
				SWIFT_VERSION = 4.2;
				TARGETED_DEVICE_FAMILY = "1,2";
			};
			name = Release;
		};
/* End XCBuildConfiguration section */

/* Begin XCConfigurationList section */
		04552091217548F50033D33B /* Build configuration list for PBXProject "AirspaceManagementApp" */ = {
			isa = XCConfigurationList;
			buildConfigurations = (
				045520A6217548F60033D33B /* Debug */,
				045520A7217548F60033D33B /* Release */,
			);
			defaultConfigurationIsVisible = 0;
			defaultConfigurationName = Release;
		};
		045520A8217548F60033D33B /* Build configuration list for PBXNativeTarget "AirspaceManagementApp" */ = {
			isa = XCConfigurationList;
			buildConfigurations = (
				045520A9217548F60033D33B /* Debug */,
				045520AA217548F60033D33B /* Release */,
			);
			defaultConfigurationIsVisible = 0;
			defaultConfigurationName = Release;
		};
/* End XCConfigurationList section */
	};
	rootObject = 0455208E217548F50033D33B /* Project object */;
}
